
Microsoft Visual Studio Solution File, Format Version 12.00
# Visual Studio 2013
VisualStudioVersion = 12.0.30723.0
MinimumVisualStudioVersion = 10.0.40219.1
Project("{FAE04EC0-301F-11D3-BF4B-00C04F79EFBC}") = "Microsoft.Zing", "Microsoft.Zing\Microsoft.Zing.csproj", "{8DE6F528-36BB-487E-908F-62B9485098C0}"
EndProject
Project("{FAE04EC0-301F-11D3-BF4B-00C04F79EFBC}") = "zc", "zc\zc.csproj", "{06BAD170-B45D-44A5-9C69-C1146C668AB6}"
EndProject
Project("{FAE04EC0-301F-11D3-BF4B-00C04F79EFBC}") = "Zinger", "Zinger\Zinger.csproj", "{56FF7823-8BE6-4EEA-8B5D-656D801DC87D}"
EndProject
Project("{FAE04EC0-301F-11D3-BF4B-00C04F79EFBC}") = "ZingOptions", "ZingOptions\ZingOptions.csproj", "{9143187E-C13C-4974-8762-E74B182E7C90}"
EndProject
Project("{FAE04EC0-301F-11D3-BF4B-00C04F79EFBC}") = "ZingStateSpaceTraversal", "ZingStateSpaceTraversal\ZingStateSpaceTraversal.csproj", "{C7F536DC-5BBA-446F-8882-778C89F2D759}"
EndProject
Project("{FAE04EC0-301F-11D3-BF4B-00C04F79EFBC}") = "FrontierTree", "FrontierTree\FrontierTree.csproj", "{DBE00A57-00CE-48D0-B319-9AE4BE6B835F}"
EndProject
Project("{2150E333-8FDC-42A3-9474-1A3956D46DE8}") = "Resources", "Resources", "{9C1D1D06-70DF-4457-8E37-C61DE2D64428}"
	ProjectSection(SolutionItems) = preProject
		Resources\Source_Zing.ico = Resources\Source_Zing.ico
	EndProjectSection
EndProject
Project("{FAE04EC0-301F-11D3-BF4B-00C04F79EFBC}") = "ParallelExplorer", "ParallelExplorer\ParallelExplorer.csproj", "{1498D554-6C2A-4F8C-BCF3-A6F7C8803700}"
EndProject
Project("{FAE04EC0-301F-11D3-BF4B-00C04F79EFBC}") = "Microsoft.Zing.Runtime", "Microsoft.Zing.Runtime\Microsoft.Zing.Runtime.csproj", "{FAF10DEB-0879-4FBE-A08E-EF23F9016AE6}"
EndProject
Project("{FAE04EC0-301F-11D3-BF4B-00C04F79EFBC}") = "ZingPlugin", "ZingPlugin\ZingPlugin.csproj", "{28330C0B-864D-44E7-B665-4845F55035A8}"
EndProject
Project("{2150E333-8FDC-42A3-9474-1A3956D46DE8}") = "Plugins", "Plugins", "{3C1D5D92-2749-47FC-B169-5BF65A807751}"
EndProject
Project("{FAE04EC0-301F-11D3-BF4B-00C04F79EFBC}") = "StateCoveragePlugin", "Plugins\StateCoveragePlugin\StateCoveragePlugin.csproj", "{B0212FBE-2205-4678-90F1-F29AC5222191}"
EndProject
Project("{FAE04EC0-301F-11D3-BF4B-00C04F79EFBC}") = "StateVisitCount", "Plugins\StateVisitCount\StateVisitCount.csproj", "{FDB12E05-3DD5-4C09-A580-739C122860D2}"
EndProject
Project("{FAE04EC0-301F-11D3-BF4B-00C04F79EFBC}") = "ZingDelayingScheduler", "ZingDelayingScheduler\ZingDelayingScheduler.csproj", "{F75BEDF8-B6AB-48FA-AC71-840628768ECD}"
EndProject
Project("{2150E333-8FDC-42A3-9474-1A3956D46DE8}") = "Schedulers", "Schedulers", "{DDF04BD2-5C57-4F24-BA58-60E6964FD122}"
EndProject
Project("{FAE04EC0-301F-11D3-BF4B-00C04F79EFBC}") = "RunToCompletionDBSched", "Schedulers\RunToCompletionDBSched\RunToCompletionDBSched.csproj", "{372082A5-2C0B-4196-BF97-095C398666C1}"
EndProject
Project("{FAE04EC0-301F-11D3-BF4B-00C04F79EFBC}") = "RoundRobinScheduler", "Schedulers\RoundRobinScheduler\RoundRobinScheduler.csproj", "{3C041918-8ED4-48EB-90C7-DC91B5E7AB80}"
EndProject
Project("{FAE04EC0-301F-11D3-BF4B-00C04F79EFBC}") = "RandomDelayingScheduler", "Schedulers\RandomDelayingScheduler\RandomDelayingScheduler.csproj", "{A1AE4028-A892-43D9-86A2-E3D6302DE223}"
EndProject
Project("{FAE04EC0-301F-11D3-BF4B-00C04F79EFBC}") = "RRPlusRTCScheduler", "Schedulers\RRPlusRTCScheduler\RRPlusRTCScheduler.csproj", "{231716E0-2A16-409C-8CBC-9847F9D90447}"
EndProject
Global
	GlobalSection(SolutionConfigurationPlatforms) = preSolution
		Debug|x64 = Debug|x64
		Debug|x86 = Debug|x86
		Release|x64 = Release|x64
		Release|x86 = Release|x86
	EndGlobalSection
	GlobalSection(ProjectConfigurationPlatforms) = postSolution
		{8DE6F528-36BB-487E-908F-62B9485098C0}.Debug|x64.ActiveCfg = Debug|x64
		{8DE6F528-36BB-487E-908F-62B9485098C0}.Debug|x64.Build.0 = Debug|x64
		{8DE6F528-36BB-487E-908F-62B9485098C0}.Debug|x86.ActiveCfg = Debug|x86
		{8DE6F528-36BB-487E-908F-62B9485098C0}.Debug|x86.Build.0 = Debug|x86
		{8DE6F528-36BB-487E-908F-62B9485098C0}.Release|x64.ActiveCfg = Release|x64
		{8DE6F528-36BB-487E-908F-62B9485098C0}.Release|x64.Build.0 = Release|x64
		{8DE6F528-36BB-487E-908F-62B9485098C0}.Release|x86.ActiveCfg = Release|x86
		{8DE6F528-36BB-487E-908F-62B9485098C0}.Release|x86.Build.0 = Release|x86
		{06BAD170-B45D-44A5-9C69-C1146C668AB6}.Debug|x64.ActiveCfg = Debug|x64
		{06BAD170-B45D-44A5-9C69-C1146C668AB6}.Debug|x64.Build.0 = Debug|x64
		{06BAD170-B45D-44A5-9C69-C1146C668AB6}.Debug|x86.ActiveCfg = Debug|x86
		{06BAD170-B45D-44A5-9C69-C1146C668AB6}.Debug|x86.Build.0 = Debug|x86
		{06BAD170-B45D-44A5-9C69-C1146C668AB6}.Release|x64.ActiveCfg = Release|x64
		{06BAD170-B45D-44A5-9C69-C1146C668AB6}.Release|x64.Build.0 = Release|x64
		{06BAD170-B45D-44A5-9C69-C1146C668AB6}.Release|x86.ActiveCfg = Release|x86
		{06BAD170-B45D-44A5-9C69-C1146C668AB6}.Release|x86.Build.0 = Release|x86
		{56FF7823-8BE6-4EEA-8B5D-656D801DC87D}.Debug|x64.ActiveCfg = Debug|x64
		{56FF7823-8BE6-4EEA-8B5D-656D801DC87D}.Debug|x64.Build.0 = Debug|x64
		{56FF7823-8BE6-4EEA-8B5D-656D801DC87D}.Debug|x86.ActiveCfg = Debug|x86
		{56FF7823-8BE6-4EEA-8B5D-656D801DC87D}.Debug|x86.Build.0 = Debug|x86
		{56FF7823-8BE6-4EEA-8B5D-656D801DC87D}.Release|x64.ActiveCfg = Release|x64
		{56FF7823-8BE6-4EEA-8B5D-656D801DC87D}.Release|x64.Build.0 = Release|x64
		{56FF7823-8BE6-4EEA-8B5D-656D801DC87D}.Release|x86.ActiveCfg = Release|x86
		{56FF7823-8BE6-4EEA-8B5D-656D801DC87D}.Release|x86.Build.0 = Release|x86
		{9143187E-C13C-4974-8762-E74B182E7C90}.Debug|x64.ActiveCfg = Debug|x64
		{9143187E-C13C-4974-8762-E74B182E7C90}.Debug|x64.Build.0 = Debug|x64
		{9143187E-C13C-4974-8762-E74B182E7C90}.Debug|x86.ActiveCfg = Debug|x86
		{9143187E-C13C-4974-8762-E74B182E7C90}.Debug|x86.Build.0 = Debug|x86
		{9143187E-C13C-4974-8762-E74B182E7C90}.Release|x64.ActiveCfg = Release|x64
		{9143187E-C13C-4974-8762-E74B182E7C90}.Release|x64.Build.0 = Release|x64
		{9143187E-C13C-4974-8762-E74B182E7C90}.Release|x86.ActiveCfg = Release|x86
		{9143187E-C13C-4974-8762-E74B182E7C90}.Release|x86.Build.0 = Release|x86
		{C7F536DC-5BBA-446F-8882-778C89F2D759}.Debug|x64.ActiveCfg = Debug|x64
		{C7F536DC-5BBA-446F-8882-778C89F2D759}.Debug|x64.Build.0 = Debug|x64
		{C7F536DC-5BBA-446F-8882-778C89F2D759}.Debug|x86.ActiveCfg = Debug|x86
		{C7F536DC-5BBA-446F-8882-778C89F2D759}.Debug|x86.Build.0 = Debug|x86
		{C7F536DC-5BBA-446F-8882-778C89F2D759}.Release|x64.ActiveCfg = Release|x64
		{C7F536DC-5BBA-446F-8882-778C89F2D759}.Release|x64.Build.0 = Release|x64
		{C7F536DC-5BBA-446F-8882-778C89F2D759}.Release|x86.ActiveCfg = Release|x86
		{C7F536DC-5BBA-446F-8882-778C89F2D759}.Release|x86.Build.0 = Release|x86
		{DBE00A57-00CE-48D0-B319-9AE4BE6B835F}.Debug|x64.ActiveCfg = Debug|x64
		{DBE00A57-00CE-48D0-B319-9AE4BE6B835F}.Debug|x64.Build.0 = Debug|x64
		{DBE00A57-00CE-48D0-B319-9AE4BE6B835F}.Debug|x86.ActiveCfg = Debug|x86
		{DBE00A57-00CE-48D0-B319-9AE4BE6B835F}.Debug|x86.Build.0 = Debug|x86
		{DBE00A57-00CE-48D0-B319-9AE4BE6B835F}.Release|x64.ActiveCfg = Release|x64
		{DBE00A57-00CE-48D0-B319-9AE4BE6B835F}.Release|x64.Build.0 = Release|x64
		{DBE00A57-00CE-48D0-B319-9AE4BE6B835F}.Release|x86.ActiveCfg = Release|x86
		{DBE00A57-00CE-48D0-B319-9AE4BE6B835F}.Release|x86.Build.0 = Release|x86
		{1498D554-6C2A-4F8C-BCF3-A6F7C8803700}.Debug|x64.ActiveCfg = Debug|x64
		{1498D554-6C2A-4F8C-BCF3-A6F7C8803700}.Debug|x64.Build.0 = Debug|x64
		{1498D554-6C2A-4F8C-BCF3-A6F7C8803700}.Debug|x86.ActiveCfg = Debug|x86
		{1498D554-6C2A-4F8C-BCF3-A6F7C8803700}.Debug|x86.Build.0 = Debug|x86
		{1498D554-6C2A-4F8C-BCF3-A6F7C8803700}.Release|x64.ActiveCfg = Release|x64
		{1498D554-6C2A-4F8C-BCF3-A6F7C8803700}.Release|x64.Build.0 = Release|x64
		{1498D554-6C2A-4F8C-BCF3-A6F7C8803700}.Release|x86.ActiveCfg = Release|x86
		{1498D554-6C2A-4F8C-BCF3-A6F7C8803700}.Release|x86.Build.0 = Release|x86
		{FAF10DEB-0879-4FBE-A08E-EF23F9016AE6}.Debug|x64.ActiveCfg = Debug|x64
		{FAF10DEB-0879-4FBE-A08E-EF23F9016AE6}.Debug|x64.Build.0 = Debug|x64
		{FAF10DEB-0879-4FBE-A08E-EF23F9016AE6}.Debug|x86.ActiveCfg = Debug|x86
		{FAF10DEB-0879-4FBE-A08E-EF23F9016AE6}.Debug|x86.Build.0 = Debug|x86
		{FAF10DEB-0879-4FBE-A08E-EF23F9016AE6}.Release|x64.ActiveCfg = Release|x64
		{FAF10DEB-0879-4FBE-A08E-EF23F9016AE6}.Release|x64.Build.0 = Release|x64
		{FAF10DEB-0879-4FBE-A08E-EF23F9016AE6}.Release|x86.ActiveCfg = Release|x86
		{FAF10DEB-0879-4FBE-A08E-EF23F9016AE6}.Release|x86.Build.0 = Release|x86
		{28330C0B-864D-44E7-B665-4845F55035A8}.Debug|x64.ActiveCfg = Debug|x64
		{28330C0B-864D-44E7-B665-4845F55035A8}.Debug|x64.Build.0 = Debug|x64
		{28330C0B-864D-44E7-B665-4845F55035A8}.Debug|x86.ActiveCfg = Debug|x86
		{28330C0B-864D-44E7-B665-4845F55035A8}.Debug|x86.Build.0 = Debug|x86
		{28330C0B-864D-44E7-B665-4845F55035A8}.Release|x64.ActiveCfg = Release|x64
		{28330C0B-864D-44E7-B665-4845F55035A8}.Release|x64.Build.0 = Release|x64
		{28330C0B-864D-44E7-B665-4845F55035A8}.Release|x86.ActiveCfg = Release|x86
		{28330C0B-864D-44E7-B665-4845F55035A8}.Release|x86.Build.0 = Release|x86
		{B0212FBE-2205-4678-90F1-F29AC5222191}.Debug|x64.ActiveCfg = Debug|x64
		{B0212FBE-2205-4678-90F1-F29AC5222191}.Debug|x64.Build.0 = Debug|x64
		{B0212FBE-2205-4678-90F1-F29AC5222191}.Debug|x86.ActiveCfg = Debug|x86
		{B0212FBE-2205-4678-90F1-F29AC5222191}.Debug|x86.Build.0 = Debug|x86
		{B0212FBE-2205-4678-90F1-F29AC5222191}.Release|x64.ActiveCfg = Release|x64
		{B0212FBE-2205-4678-90F1-F29AC5222191}.Release|x64.Build.0 = Release|x64
		{B0212FBE-2205-4678-90F1-F29AC5222191}.Release|x86.ActiveCfg = Release|x86
		{B0212FBE-2205-4678-90F1-F29AC5222191}.Release|x86.Build.0 = Release|x86
		{FDB12E05-3DD5-4C09-A580-739C122860D2}.Debug|x64.ActiveCfg = Debug|x64
		{FDB12E05-3DD5-4C09-A580-739C122860D2}.Debug|x64.Build.0 = Debug|x64
		{FDB12E05-3DD5-4C09-A580-739C122860D2}.Debug|x86.ActiveCfg = Debug|x86
		{FDB12E05-3DD5-4C09-A580-739C122860D2}.Debug|x86.Build.0 = Debug|x86
		{FDB12E05-3DD5-4C09-A580-739C122860D2}.Release|x64.ActiveCfg = Release|x64
		{FDB12E05-3DD5-4C09-A580-739C122860D2}.Release|x64.Build.0 = Release|x64
		{FDB12E05-3DD5-4C09-A580-739C122860D2}.Release|x86.ActiveCfg = Release|x86
		{FDB12E05-3DD5-4C09-A580-739C122860D2}.Release|x86.Build.0 = Release|x86
		{F75BEDF8-B6AB-48FA-AC71-840628768ECD}.Debug|x64.ActiveCfg = Debug|x64
		{F75BEDF8-B6AB-48FA-AC71-840628768ECD}.Debug|x64.Build.0 = Debug|x64
		{F75BEDF8-B6AB-48FA-AC71-840628768ECD}.Debug|x86.ActiveCfg = Debug|x86
		{F75BEDF8-B6AB-48FA-AC71-840628768ECD}.Debug|x86.Build.0 = Debug|x86
		{F75BEDF8-B6AB-48FA-AC71-840628768ECD}.Release|x64.ActiveCfg = Release|x64
		{F75BEDF8-B6AB-48FA-AC71-840628768ECD}.Release|x64.Build.0 = Release|x64
		{F75BEDF8-B6AB-48FA-AC71-840628768ECD}.Release|x86.ActiveCfg = Release|x86
		{F75BEDF8-B6AB-48FA-AC71-840628768ECD}.Release|x86.Build.0 = Release|x86
		{372082A5-2C0B-4196-BF97-095C398666C1}.Debug|x64.ActiveCfg = Debug|x64
		{372082A5-2C0B-4196-BF97-095C398666C1}.Debug|x64.Build.0 = Debug|x64
		{372082A5-2C0B-4196-BF97-095C398666C1}.Debug|x86.ActiveCfg = Debug|x86
		{372082A5-2C0B-4196-BF97-095C398666C1}.Debug|x86.Build.0 = Debug|x86
		{372082A5-2C0B-4196-BF97-095C398666C1}.Release|x64.ActiveCfg = Release|x64
		{372082A5-2C0B-4196-BF97-095C398666C1}.Release|x64.Build.0 = Release|x64
		{372082A5-2C0B-4196-BF97-095C398666C1}.Release|x86.ActiveCfg = Release|x86
		{372082A5-2C0B-4196-BF97-095C398666C1}.Release|x86.Build.0 = Release|x86
		{3C041918-8ED4-48EB-90C7-DC91B5E7AB80}.Debug|x64.ActiveCfg = Debug|x64
		{3C041918-8ED4-48EB-90C7-DC91B5E7AB80}.Debug|x64.Build.0 = Debug|x64
		{3C041918-8ED4-48EB-90C7-DC91B5E7AB80}.Debug|x86.ActiveCfg = Debug|x86
		{3C041918-8ED4-48EB-90C7-DC91B5E7AB80}.Debug|x86.Build.0 = Debug|x86
		{3C041918-8ED4-48EB-90C7-DC91B5E7AB80}.Release|x64.ActiveCfg = Release|x64
		{3C041918-8ED4-48EB-90C7-DC91B5E7AB80}.Release|x64.Build.0 = Release|x64
		{3C041918-8ED4-48EB-90C7-DC91B5E7AB80}.Release|x86.ActiveCfg = Release|x86
		{3C041918-8ED4-48EB-90C7-DC91B5E7AB80}.Release|x86.Build.0 = Release|x86
		{A1AE4028-A892-43D9-86A2-E3D6302DE223}.Debug|x64.ActiveCfg = Debug|x64
		{A1AE4028-A892-43D9-86A2-E3D6302DE223}.Debug|x64.Build.0 = Debug|x64
		{A1AE4028-A892-43D9-86A2-E3D6302DE223}.Debug|x86.ActiveCfg = Debug|x86
		{A1AE4028-A892-43D9-86A2-E3D6302DE223}.Debug|x86.Build.0 = Debug|x86
		{A1AE4028-A892-43D9-86A2-E3D6302DE223}.Release|x64.ActiveCfg = Release|x64
		{A1AE4028-A892-43D9-86A2-E3D6302DE223}.Release|x64.Build.0 = Release|x64
		{A1AE4028-A892-43D9-86A2-E3D6302DE223}.Release|x86.ActiveCfg = Release|x86
		{A1AE4028-A892-43D9-86A2-E3D6302DE223}.Release|x86.Build.0 = Release|x86
		{231716E0-2A16-409C-8CBC-9847F9D90447}.Debug|x64.ActiveCfg = Debug|x64
		{231716E0-2A16-409C-8CBC-9847F9D90447}.Debug|x64.Build.0 = Debug|x64
		{231716E0-2A16-409C-8CBC-9847F9D90447}.Debug|x86.ActiveCfg = Debug|x86
		{231716E0-2A16-409C-8CBC-9847F9D90447}.Debug|x86.Build.0 = Debug|x86
		{231716E0-2A16-409C-8CBC-9847F9D90447}.Release|x64.ActiveCfg = Release|x64
		{231716E0-2A16-409C-8CBC-9847F9D90447}.Release|x64.Build.0 = Release|x64
		{231716E0-2A16-409C-8CBC-9847F9D90447}.Release|x86.ActiveCfg = Release|x86
		{231716E0-2A16-409C-8CBC-9847F9D90447}.Release|x86.Build.0 = Release|x86
	EndGlobalSection
	GlobalSection(SolutionProperties) = preSolution
		HideSolutionNode = FALSE
	EndGlobalSection
	GlobalSection(NestedProjects) = preSolution
		{B0212FBE-2205-4678-90F1-F29AC5222191} = {3C1D5D92-2749-47FC-B169-5BF65A807751}
		{FDB12E05-3DD5-4C09-A580-739C122860D2} = {3C1D5D92-2749-47FC-B169-5BF65A807751}
		{372082A5-2C0B-4196-BF97-095C398666C1} = {DDF04BD2-5C57-4F24-BA58-60E6964FD122}
		{3C041918-8ED4-48EB-90C7-DC91B5E7AB80} = {DDF04BD2-5C57-4F24-BA58-60E6964FD122}
		{A1AE4028-A892-43D9-86A2-E3D6302DE223} = {DDF04BD2-5C57-4F24-BA58-60E6964FD122}
		{231716E0-2A16-409C-8CBC-9847F9D90447} = {DDF04BD2-5C57-4F24-BA58-60E6964FD122}
	EndGlobalSection
EndGlobal
