
Microsoft Visual Studio Solution File, Format Version 12.00
# Visual Studio 14
VisualStudioVersion = 14.0.25123.0
MinimumVisualStudioVersion = 10.0.40219.1
Project("{FAE04EC0-301F-11D3-BF4B-00C04F79EFBC}") = "Microsoft.Zing", "Microsoft.Zing\Microsoft.Zing.csproj", "{8DE6F528-36BB-487E-908F-62B9485098C0}"
EndProject
Project("{FAE04EC0-301F-11D3-BF4B-00C04F79EFBC}") = "Zc", "zc\Zc.csproj", "{06BAD170-B45D-44A5-9C69-C1146C668AB6}"
EndProject
Project("{FAE04EC0-301F-11D3-BF4B-00C04F79EFBC}") = "Zinger", "Zinger\Zinger.csproj", "{56FF7823-8BE6-4EEA-8B5D-656D801DC87D}"
EndProject
Project("{2150E333-8FDC-42A3-9474-1A3956D46DE8}") = "Resources", "Resources", "{9C1D1D06-70DF-4457-8E37-C61DE2D64428}"
	ProjectSection(SolutionItems) = preProject
		Resources\Dronacharya\DronacharyaConfig.xml = Resources\Dronacharya\DronacharyaConfig.xml
	EndProjectSection
EndProject
Project("{FAE04EC0-301F-11D3-BF4B-00C04F79EFBC}") = "Microsoft.Zing.Runtime", "Microsoft.Zing.Runtime\Microsoft.Zing.Runtime.csproj", "{FAF10DEB-0879-4FBE-A08E-EF23F9016AE6}"
EndProject
Project("{2150E333-8FDC-42A3-9474-1A3956D46DE8}") = "DelayingSchedulers", "DelayingSchedulers", "{DAFEF7CD-D4E3-4626-870A-E224EE380025}"
EndProject
Project("{FAE04EC0-301F-11D3-BF4B-00C04F79EFBC}") = "ZingExplorer", "ZingExplorer\ZingExplorer.csproj", "{1498D554-6C2A-4F8C-BCF3-A6F7C8803700}"
EndProject
Project("{FAE04EC0-301F-11D3-BF4B-00C04F79EFBC}") = "RandomDelayingScheduler", "DelayingSchedulers\RandomDelayingScheduler\RandomDelayingScheduler.csproj", "{A1AE4028-A892-43D9-86A2-E3D6302DE223}"
EndProject
Project("{FAE04EC0-301F-11D3-BF4B-00C04F79EFBC}") = "RoundRobinDelayingScheduler", "DelayingSchedulers\RoundRobinDelayingScheduler\RoundRobinDelayingScheduler.csproj", "{3C041918-8ED4-48EB-90C7-DC91B5E7AB80}"
EndProject
Project("{FAE04EC0-301F-11D3-BF4B-00C04F79EFBC}") = "RunToCompletionDelayingScheduler", "DelayingSchedulers\RunToCompletionDelayingScheduler\RunToCompletionDelayingScheduler.csproj", "{372082A5-2C0B-4196-BF97-095C398666C1}"
EndProject
Project("{FAE04EC0-301F-11D3-BF4B-00C04F79EFBC}") = "CustomDelayingScheduler", "DelayingSchedulers\CustomDelayingScheduler\CustomDelayingScheduler.csproj", "{AEEAA9E8-6622-4C65-8798-646EC7F67C04}"
EndProject
Project("{2150E333-8FDC-42A3-9474-1A3956D46DE8}") = "Plugins", "Plugins", "{8BA3992A-2AE4-495A-946F-3AA212D47B4E}"
EndProject
Project("{FAE04EC0-301F-11D3-BF4B-00C04F79EFBC}") = "Complan", "Plugins\MotionPlanning\Complan.csproj", "{09827C57-CD29-4B66-81CE-02A3448F75C0}"
EndProject
Project("{FAE04EC0-301F-11D3-BF4B-00C04F79EFBC}") = "StateCoveragePlugin", "Plugins\StateCoveragePlugin\StateCoveragePlugin.csproj", "{B0212FBE-2205-4678-90F1-F29AC5222191}"
EndProject
Project("{FAE04EC0-301F-11D3-BF4B-00C04F79EFBC}") = "Prt", "Prt\Prt.csproj", "{1CB4A7CA-B1D6-42E1-8A6F-919369FDCFC9}"
EndProject
Project("{FAE04EC0-301F-11D3-BF4B-00C04F79EFBC}") = "PingPong", "PingPong\PingPong.csproj", "{F0239538-61D6-461E-AF26-7B865CC12D94}"
EndProject
Global
	GlobalSection(SolutionConfigurationPlatforms) = preSolution
		Debug|Any CPU = Debug|Any CPU
		Debug|Mixed Platforms = Debug|Mixed Platforms
		Debug|x64 = Debug|x64
		Debug|x86 = Debug|x86
		Release|Any CPU = Release|Any CPU
		Release|Mixed Platforms = Release|Mixed Platforms
		Release|x64 = Release|x64
		Release|x86 = Release|x86
	EndGlobalSection
	GlobalSection(ProjectConfigurationPlatforms) = postSolution
		{8DE6F528-36BB-487E-908F-62B9485098C0}.Debug|Any CPU.ActiveCfg = Debug|Any CPU
		{8DE6F528-36BB-487E-908F-62B9485098C0}.Debug|Any CPU.Build.0 = Debug|Any CPU
		{8DE6F528-36BB-487E-908F-62B9485098C0}.Debug|Mixed Platforms.ActiveCfg = Debug|x86
		{8DE6F528-36BB-487E-908F-62B9485098C0}.Debug|Mixed Platforms.Build.0 = Debug|x86
		{8DE6F528-36BB-487E-908F-62B9485098C0}.Debug|x64.ActiveCfg = Debug|x64
		{8DE6F528-36BB-487E-908F-62B9485098C0}.Debug|x64.Build.0 = Debug|x64
		{8DE6F528-36BB-487E-908F-62B9485098C0}.Debug|x86.ActiveCfg = Debug|x86
		{8DE6F528-36BB-487E-908F-62B9485098C0}.Debug|x86.Build.0 = Debug|x86
		{8DE6F528-36BB-487E-908F-62B9485098C0}.Release|Any CPU.ActiveCfg = Release|Any CPU
		{8DE6F528-36BB-487E-908F-62B9485098C0}.Release|Any CPU.Build.0 = Release|Any CPU
		{8DE6F528-36BB-487E-908F-62B9485098C0}.Release|Mixed Platforms.ActiveCfg = Release|x86
		{8DE6F528-36BB-487E-908F-62B9485098C0}.Release|Mixed Platforms.Build.0 = Release|x86
		{8DE6F528-36BB-487E-908F-62B9485098C0}.Release|x64.ActiveCfg = Release|x64
		{8DE6F528-36BB-487E-908F-62B9485098C0}.Release|x64.Build.0 = Release|x64
		{8DE6F528-36BB-487E-908F-62B9485098C0}.Release|x86.ActiveCfg = Release|x86
		{8DE6F528-36BB-487E-908F-62B9485098C0}.Release|x86.Build.0 = Release|x86
		{06BAD170-B45D-44A5-9C69-C1146C668AB6}.Debug|Any CPU.ActiveCfg = Debug|Any CPU
		{06BAD170-B45D-44A5-9C69-C1146C668AB6}.Debug|Any CPU.Build.0 = Debug|Any CPU
		{06BAD170-B45D-44A5-9C69-C1146C668AB6}.Debug|Mixed Platforms.ActiveCfg = Debug|x86
		{06BAD170-B45D-44A5-9C69-C1146C668AB6}.Debug|Mixed Platforms.Build.0 = Debug|x86
		{06BAD170-B45D-44A5-9C69-C1146C668AB6}.Debug|x64.ActiveCfg = Debug|x64
		{06BAD170-B45D-44A5-9C69-C1146C668AB6}.Debug|x64.Build.0 = Debug|x64
		{06BAD170-B45D-44A5-9C69-C1146C668AB6}.Debug|x86.ActiveCfg = Debug|x86
		{06BAD170-B45D-44A5-9C69-C1146C668AB6}.Debug|x86.Build.0 = Debug|x86
		{06BAD170-B45D-44A5-9C69-C1146C668AB6}.Release|Any CPU.ActiveCfg = Release|Any CPU
		{06BAD170-B45D-44A5-9C69-C1146C668AB6}.Release|Any CPU.Build.0 = Release|Any CPU
		{06BAD170-B45D-44A5-9C69-C1146C668AB6}.Release|Mixed Platforms.ActiveCfg = Release|x86
		{06BAD170-B45D-44A5-9C69-C1146C668AB6}.Release|Mixed Platforms.Build.0 = Release|x86
		{06BAD170-B45D-44A5-9C69-C1146C668AB6}.Release|x64.ActiveCfg = Release|x64
		{06BAD170-B45D-44A5-9C69-C1146C668AB6}.Release|x64.Build.0 = Release|x64
		{06BAD170-B45D-44A5-9C69-C1146C668AB6}.Release|x86.ActiveCfg = Release|x86
		{06BAD170-B45D-44A5-9C69-C1146C668AB6}.Release|x86.Build.0 = Release|x86
		{56FF7823-8BE6-4EEA-8B5D-656D801DC87D}.Debug|Any CPU.ActiveCfg = Debug|Any CPU
		{56FF7823-8BE6-4EEA-8B5D-656D801DC87D}.Debug|Any CPU.Build.0 = Debug|Any CPU
		{56FF7823-8BE6-4EEA-8B5D-656D801DC87D}.Debug|Mixed Platforms.ActiveCfg = Debug|x86
		{56FF7823-8BE6-4EEA-8B5D-656D801DC87D}.Debug|Mixed Platforms.Build.0 = Debug|x86
		{56FF7823-8BE6-4EEA-8B5D-656D801DC87D}.Debug|x64.ActiveCfg = Debug|x64
		{56FF7823-8BE6-4EEA-8B5D-656D801DC87D}.Debug|x64.Build.0 = Debug|x64
		{56FF7823-8BE6-4EEA-8B5D-656D801DC87D}.Debug|x86.ActiveCfg = Debug|x86
		{56FF7823-8BE6-4EEA-8B5D-656D801DC87D}.Debug|x86.Build.0 = Debug|x86
		{56FF7823-8BE6-4EEA-8B5D-656D801DC87D}.Release|Any CPU.ActiveCfg = Release|Any CPU
		{56FF7823-8BE6-4EEA-8B5D-656D801DC87D}.Release|Any CPU.Build.0 = Release|Any CPU
		{56FF7823-8BE6-4EEA-8B5D-656D801DC87D}.Release|Mixed Platforms.ActiveCfg = Release|x86
		{56FF7823-8BE6-4EEA-8B5D-656D801DC87D}.Release|Mixed Platforms.Build.0 = Release|x86
		{56FF7823-8BE6-4EEA-8B5D-656D801DC87D}.Release|x64.ActiveCfg = Release|x64
		{56FF7823-8BE6-4EEA-8B5D-656D801DC87D}.Release|x64.Build.0 = Release|x64
		{56FF7823-8BE6-4EEA-8B5D-656D801DC87D}.Release|x86.ActiveCfg = Release|x86
		{56FF7823-8BE6-4EEA-8B5D-656D801DC87D}.Release|x86.Build.0 = Release|x86
		{FAF10DEB-0879-4FBE-A08E-EF23F9016AE6}.Debug|Any CPU.ActiveCfg = Debug|Any CPU
		{FAF10DEB-0879-4FBE-A08E-EF23F9016AE6}.Debug|Any CPU.Build.0 = Debug|Any CPU
		{FAF10DEB-0879-4FBE-A08E-EF23F9016AE6}.Debug|Mixed Platforms.ActiveCfg = Debug|x86
		{FAF10DEB-0879-4FBE-A08E-EF23F9016AE6}.Debug|Mixed Platforms.Build.0 = Debug|x86
		{FAF10DEB-0879-4FBE-A08E-EF23F9016AE6}.Debug|x64.ActiveCfg = Debug|x64
		{FAF10DEB-0879-4FBE-A08E-EF23F9016AE6}.Debug|x64.Build.0 = Debug|x64
		{FAF10DEB-0879-4FBE-A08E-EF23F9016AE6}.Debug|x86.ActiveCfg = Debug|x86
		{FAF10DEB-0879-4FBE-A08E-EF23F9016AE6}.Debug|x86.Build.0 = Debug|x86
		{FAF10DEB-0879-4FBE-A08E-EF23F9016AE6}.Release|Any CPU.ActiveCfg = Release|Any CPU
		{FAF10DEB-0879-4FBE-A08E-EF23F9016AE6}.Release|Any CPU.Build.0 = Release|Any CPU
		{FAF10DEB-0879-4FBE-A08E-EF23F9016AE6}.Release|Mixed Platforms.ActiveCfg = Release|x86
		{FAF10DEB-0879-4FBE-A08E-EF23F9016AE6}.Release|Mixed Platforms.Build.0 = Release|x86
		{FAF10DEB-0879-4FBE-A08E-EF23F9016AE6}.Release|x64.ActiveCfg = Release|x64
		{FAF10DEB-0879-4FBE-A08E-EF23F9016AE6}.Release|x64.Build.0 = Release|x64
		{FAF10DEB-0879-4FBE-A08E-EF23F9016AE6}.Release|x86.ActiveCfg = Release|x86
		{FAF10DEB-0879-4FBE-A08E-EF23F9016AE6}.Release|x86.Build.0 = Release|x86
		{1498D554-6C2A-4F8C-BCF3-A6F7C8803700}.Debug|Any CPU.ActiveCfg = Debug|Any CPU
		{1498D554-6C2A-4F8C-BCF3-A6F7C8803700}.Debug|Any CPU.Build.0 = Debug|Any CPU
		{1498D554-6C2A-4F8C-BCF3-A6F7C8803700}.Debug|Mixed Platforms.ActiveCfg = Debug|x86
		{1498D554-6C2A-4F8C-BCF3-A6F7C8803700}.Debug|Mixed Platforms.Build.0 = Debug|x86
		{1498D554-6C2A-4F8C-BCF3-A6F7C8803700}.Debug|x64.ActiveCfg = Debug|x64
		{1498D554-6C2A-4F8C-BCF3-A6F7C8803700}.Debug|x64.Build.0 = Debug|x64
		{1498D554-6C2A-4F8C-BCF3-A6F7C8803700}.Debug|x86.ActiveCfg = Debug|x86
		{1498D554-6C2A-4F8C-BCF3-A6F7C8803700}.Debug|x86.Build.0 = Debug|x86
		{1498D554-6C2A-4F8C-BCF3-A6F7C8803700}.Release|Any CPU.ActiveCfg = Release|Any CPU
		{1498D554-6C2A-4F8C-BCF3-A6F7C8803700}.Release|Any CPU.Build.0 = Release|Any CPU
		{1498D554-6C2A-4F8C-BCF3-A6F7C8803700}.Release|Mixed Platforms.ActiveCfg = Release|x86
		{1498D554-6C2A-4F8C-BCF3-A6F7C8803700}.Release|Mixed Platforms.Build.0 = Release|x86
		{1498D554-6C2A-4F8C-BCF3-A6F7C8803700}.Release|x64.ActiveCfg = Release|x64
		{1498D554-6C2A-4F8C-BCF3-A6F7C8803700}.Release|x64.Build.0 = Release|x64
		{1498D554-6C2A-4F8C-BCF3-A6F7C8803700}.Release|x86.ActiveCfg = Release|x86
		{1498D554-6C2A-4F8C-BCF3-A6F7C8803700}.Release|x86.Build.0 = Release|x86
		{A1AE4028-A892-43D9-86A2-E3D6302DE223}.Debug|Any CPU.ActiveCfg = Debug|Any CPU
		{A1AE4028-A892-43D9-86A2-E3D6302DE223}.Debug|Any CPU.Build.0 = Debug|Any CPU
		{A1AE4028-A892-43D9-86A2-E3D6302DE223}.Debug|Mixed Platforms.ActiveCfg = Debug|x86
		{A1AE4028-A892-43D9-86A2-E3D6302DE223}.Debug|Mixed Platforms.Build.0 = Debug|x86
		{A1AE4028-A892-43D9-86A2-E3D6302DE223}.Debug|x64.ActiveCfg = Debug|x64
		{A1AE4028-A892-43D9-86A2-E3D6302DE223}.Debug|x64.Build.0 = Debug|x64
		{A1AE4028-A892-43D9-86A2-E3D6302DE223}.Debug|x86.ActiveCfg = Debug|x86
		{A1AE4028-A892-43D9-86A2-E3D6302DE223}.Debug|x86.Build.0 = Debug|x86
		{A1AE4028-A892-43D9-86A2-E3D6302DE223}.Release|Any CPU.ActiveCfg = Release|Any CPU
		{A1AE4028-A892-43D9-86A2-E3D6302DE223}.Release|Any CPU.Build.0 = Release|Any CPU
		{A1AE4028-A892-43D9-86A2-E3D6302DE223}.Release|Mixed Platforms.ActiveCfg = Release|x86
		{A1AE4028-A892-43D9-86A2-E3D6302DE223}.Release|Mixed Platforms.Build.0 = Release|x86
		{A1AE4028-A892-43D9-86A2-E3D6302DE223}.Release|x64.ActiveCfg = Release|x64
		{A1AE4028-A892-43D9-86A2-E3D6302DE223}.Release|x64.Build.0 = Release|x64
		{A1AE4028-A892-43D9-86A2-E3D6302DE223}.Release|x86.ActiveCfg = Release|x86
		{A1AE4028-A892-43D9-86A2-E3D6302DE223}.Release|x86.Build.0 = Release|x86
		{3C041918-8ED4-48EB-90C7-DC91B5E7AB80}.Debug|Any CPU.ActiveCfg = Debug|Any CPU
		{3C041918-8ED4-48EB-90C7-DC91B5E7AB80}.Debug|Any CPU.Build.0 = Debug|Any CPU
		{3C041918-8ED4-48EB-90C7-DC91B5E7AB80}.Debug|Mixed Platforms.ActiveCfg = Debug|x86
		{3C041918-8ED4-48EB-90C7-DC91B5E7AB80}.Debug|Mixed Platforms.Build.0 = Debug|x86
		{3C041918-8ED4-48EB-90C7-DC91B5E7AB80}.Debug|x64.ActiveCfg = Debug|x64
		{3C041918-8ED4-48EB-90C7-DC91B5E7AB80}.Debug|x64.Build.0 = Debug|x64
		{3C041918-8ED4-48EB-90C7-DC91B5E7AB80}.Debug|x86.ActiveCfg = Debug|x86
		{3C041918-8ED4-48EB-90C7-DC91B5E7AB80}.Debug|x86.Build.0 = Debug|x86
		{3C041918-8ED4-48EB-90C7-DC91B5E7AB80}.Release|Any CPU.ActiveCfg = Release|Any CPU
		{3C041918-8ED4-48EB-90C7-DC91B5E7AB80}.Release|Any CPU.Build.0 = Release|Any CPU
		{3C041918-8ED4-48EB-90C7-DC91B5E7AB80}.Release|Mixed Platforms.ActiveCfg = Release|x86
		{3C041918-8ED4-48EB-90C7-DC91B5E7AB80}.Release|Mixed Platforms.Build.0 = Release|x86
		{3C041918-8ED4-48EB-90C7-DC91B5E7AB80}.Release|x64.ActiveCfg = Release|x64
		{3C041918-8ED4-48EB-90C7-DC91B5E7AB80}.Release|x64.Build.0 = Release|x64
		{3C041918-8ED4-48EB-90C7-DC91B5E7AB80}.Release|x86.ActiveCfg = Release|x86
		{3C041918-8ED4-48EB-90C7-DC91B5E7AB80}.Release|x86.Build.0 = Release|x86
		{372082A5-2C0B-4196-BF97-095C398666C1}.Debug|Any CPU.ActiveCfg = Debug|Any CPU
		{372082A5-2C0B-4196-BF97-095C398666C1}.Debug|Any CPU.Build.0 = Debug|Any CPU
		{372082A5-2C0B-4196-BF97-095C398666C1}.Debug|Mixed Platforms.ActiveCfg = Debug|x86
		{372082A5-2C0B-4196-BF97-095C398666C1}.Debug|Mixed Platforms.Build.0 = Debug|x86
		{372082A5-2C0B-4196-BF97-095C398666C1}.Debug|x64.ActiveCfg = Debug|x64
		{372082A5-2C0B-4196-BF97-095C398666C1}.Debug|x64.Build.0 = Debug|x64
		{372082A5-2C0B-4196-BF97-095C398666C1}.Debug|x86.ActiveCfg = Debug|x86
		{372082A5-2C0B-4196-BF97-095C398666C1}.Debug|x86.Build.0 = Debug|x86
		{372082A5-2C0B-4196-BF97-095C398666C1}.Release|Any CPU.ActiveCfg = Release|Any CPU
		{372082A5-2C0B-4196-BF97-095C398666C1}.Release|Any CPU.Build.0 = Release|Any CPU
		{372082A5-2C0B-4196-BF97-095C398666C1}.Release|Mixed Platforms.ActiveCfg = Release|x86
		{372082A5-2C0B-4196-BF97-095C398666C1}.Release|Mixed Platforms.Build.0 = Release|x86
		{372082A5-2C0B-4196-BF97-095C398666C1}.Release|x64.ActiveCfg = Release|x64
		{372082A5-2C0B-4196-BF97-095C398666C1}.Release|x64.Build.0 = Release|x64
		{372082A5-2C0B-4196-BF97-095C398666C1}.Release|x86.ActiveCfg = Release|x86
		{372082A5-2C0B-4196-BF97-095C398666C1}.Release|x86.Build.0 = Release|x86
		{AEEAA9E8-6622-4C65-8798-646EC7F67C04}.Debug|Any CPU.ActiveCfg = Debug|Any CPU
		{AEEAA9E8-6622-4C65-8798-646EC7F67C04}.Debug|Any CPU.Build.0 = Debug|Any CPU
		{AEEAA9E8-6622-4C65-8798-646EC7F67C04}.Debug|Mixed Platforms.ActiveCfg = Debug|x86
		{AEEAA9E8-6622-4C65-8798-646EC7F67C04}.Debug|Mixed Platforms.Build.0 = Debug|x86
		{AEEAA9E8-6622-4C65-8798-646EC7F67C04}.Debug|x64.ActiveCfg = Debug|x64
		{AEEAA9E8-6622-4C65-8798-646EC7F67C04}.Debug|x64.Build.0 = Debug|x64
		{AEEAA9E8-6622-4C65-8798-646EC7F67C04}.Debug|x86.ActiveCfg = Debug|x86
		{AEEAA9E8-6622-4C65-8798-646EC7F67C04}.Debug|x86.Build.0 = Debug|x86
		{AEEAA9E8-6622-4C65-8798-646EC7F67C04}.Release|Any CPU.ActiveCfg = Release|Any CPU
		{AEEAA9E8-6622-4C65-8798-646EC7F67C04}.Release|Any CPU.Build.0 = Release|Any CPU
		{AEEAA9E8-6622-4C65-8798-646EC7F67C04}.Release|Mixed Platforms.ActiveCfg = Release|x86
		{AEEAA9E8-6622-4C65-8798-646EC7F67C04}.Release|Mixed Platforms.Build.0 = Release|x86
		{AEEAA9E8-6622-4C65-8798-646EC7F67C04}.Release|x64.ActiveCfg = Release|x64
		{AEEAA9E8-6622-4C65-8798-646EC7F67C04}.Release|x64.Build.0 = Release|x64
		{AEEAA9E8-6622-4C65-8798-646EC7F67C04}.Release|x86.ActiveCfg = Release|x86
		{AEEAA9E8-6622-4C65-8798-646EC7F67C04}.Release|x86.Build.0 = Release|x86
		{09827C57-CD29-4B66-81CE-02A3448F75C0}.Debug|Any CPU.ActiveCfg = Debug|Any CPU
		{09827C57-CD29-4B66-81CE-02A3448F75C0}.Debug|Any CPU.Build.0 = Debug|Any CPU
		{09827C57-CD29-4B66-81CE-02A3448F75C0}.Debug|Mixed Platforms.ActiveCfg = Debug|x86
		{09827C57-CD29-4B66-81CE-02A3448F75C0}.Debug|Mixed Platforms.Build.0 = Debug|x86
		{09827C57-CD29-4B66-81CE-02A3448F75C0}.Debug|x64.ActiveCfg = Debug|x64
		{09827C57-CD29-4B66-81CE-02A3448F75C0}.Debug|x64.Build.0 = Debug|x64
		{09827C57-CD29-4B66-81CE-02A3448F75C0}.Debug|x86.ActiveCfg = Debug|x86
		{09827C57-CD29-4B66-81CE-02A3448F75C0}.Debug|x86.Build.0 = Debug|x86
		{09827C57-CD29-4B66-81CE-02A3448F75C0}.Release|Any CPU.ActiveCfg = Release|Any CPU
		{09827C57-CD29-4B66-81CE-02A3448F75C0}.Release|Any CPU.Build.0 = Release|Any CPU
		{09827C57-CD29-4B66-81CE-02A3448F75C0}.Release|Mixed Platforms.ActiveCfg = Release|Any CPU
		{09827C57-CD29-4B66-81CE-02A3448F75C0}.Release|Mixed Platforms.Build.0 = Release|Any CPU
		{09827C57-CD29-4B66-81CE-02A3448F75C0}.Release|x64.ActiveCfg = Release|Any CPU
		{09827C57-CD29-4B66-81CE-02A3448F75C0}.Release|x86.ActiveCfg = Release|Any CPU
		{B0212FBE-2205-4678-90F1-F29AC5222191}.Debug|Any CPU.ActiveCfg = Debug|Any CPU
		{B0212FBE-2205-4678-90F1-F29AC5222191}.Debug|Any CPU.Build.0 = Debug|Any CPU
		{B0212FBE-2205-4678-90F1-F29AC5222191}.Debug|Mixed Platforms.ActiveCfg = Debug|x86
		{B0212FBE-2205-4678-90F1-F29AC5222191}.Debug|Mixed Platforms.Build.0 = Debug|x86
		{B0212FBE-2205-4678-90F1-F29AC5222191}.Debug|x64.ActiveCfg = Debug|x64
		{B0212FBE-2205-4678-90F1-F29AC5222191}.Debug|x64.Build.0 = Debug|x64
		{B0212FBE-2205-4678-90F1-F29AC5222191}.Debug|x86.ActiveCfg = Debug|x86
		{B0212FBE-2205-4678-90F1-F29AC5222191}.Debug|x86.Build.0 = Debug|x86
		{B0212FBE-2205-4678-90F1-F29AC5222191}.Release|Any CPU.ActiveCfg = Release|Any CPU
		{B0212FBE-2205-4678-90F1-F29AC5222191}.Release|Any CPU.Build.0 = Release|Any CPU
		{B0212FBE-2205-4678-90F1-F29AC5222191}.Release|Mixed Platforms.ActiveCfg = Release|Any CPU
		{B0212FBE-2205-4678-90F1-F29AC5222191}.Release|Mixed Platforms.Build.0 = Release|Any CPU
		{B0212FBE-2205-4678-90F1-F29AC5222191}.Release|x64.ActiveCfg = Release|Any CPU
		{B0212FBE-2205-4678-90F1-F29AC5222191}.Release|x86.ActiveCfg = Release|Any CPU
		{1CB4A7CA-B1D6-42E1-8A6F-919369FDCFC9}.Debug|Any CPU.ActiveCfg = Debug|Any CPU
		{1CB4A7CA-B1D6-42E1-8A6F-919369FDCFC9}.Debug|Any CPU.Build.0 = Debug|Any CPU
		{1CB4A7CA-B1D6-42E1-8A6F-919369FDCFC9}.Debug|Mixed Platforms.ActiveCfg = Debug|Any CPU
		{1CB4A7CA-B1D6-42E1-8A6F-919369FDCFC9}.Debug|Mixed Platforms.Build.0 = Debug|Any CPU
		{1CB4A7CA-B1D6-42E1-8A6F-919369FDCFC9}.Debug|x64.ActiveCfg = Debug|Any CPU
		{1CB4A7CA-B1D6-42E1-8A6F-919369FDCFC9}.Debug|x64.Build.0 = Debug|Any CPU
		{1CB4A7CA-B1D6-42E1-8A6F-919369FDCFC9}.Debug|x86.ActiveCfg = Debug|Any CPU
		{1CB4A7CA-B1D6-42E1-8A6F-919369FDCFC9}.Debug|x86.Build.0 = Debug|Any CPU
		{1CB4A7CA-B1D6-42E1-8A6F-919369FDCFC9}.Release|Any CPU.ActiveCfg = Release|Any CPU
		{1CB4A7CA-B1D6-42E1-8A6F-919369FDCFC9}.Release|Any CPU.Build.0 = Release|Any CPU
		{1CB4A7CA-B1D6-42E1-8A6F-919369FDCFC9}.Release|Mixed Platforms.ActiveCfg = Release|Any CPU
		{1CB4A7CA-B1D6-42E1-8A6F-919369FDCFC9}.Release|Mixed Platforms.Build.0 = Release|Any CPU
		{1CB4A7CA-B1D6-42E1-8A6F-919369FDCFC9}.Release|x64.ActiveCfg = Release|Any CPU
		{1CB4A7CA-B1D6-42E1-8A6F-919369FDCFC9}.Release|x64.Build.0 = Release|Any CPU
		{1CB4A7CA-B1D6-42E1-8A6F-919369FDCFC9}.Release|x86.ActiveCfg = Release|Any CPU
		{1CB4A7CA-B1D6-42E1-8A6F-919369FDCFC9}.Release|x86.Build.0 = Release|Any CPU
		{F0239538-61D6-461E-AF26-7B865CC12D94}.Debug|Any CPU.ActiveCfg = Debug|Any CPU
		{F0239538-61D6-461E-AF26-7B865CC12D94}.Debug|Any CPU.Build.0 = Debug|Any CPU
		{F0239538-61D6-461E-AF26-7B865CC12D94}.Debug|Mixed Platforms.ActiveCfg = Debug|Any CPU
		{F0239538-61D6-461E-AF26-7B865CC12D94}.Debug|Mixed Platforms.Build.0 = Debug|Any CPU
		{F0239538-61D6-461E-AF26-7B865CC12D94}.Debug|x64.ActiveCfg = Debug|Any CPU
		{F0239538-61D6-461E-AF26-7B865CC12D94}.Debug|x64.Build.0 = Debug|Any CPU
		{F0239538-61D6-461E-AF26-7B865CC12D94}.Debug|x86.ActiveCfg = Debug|Any CPU
		{F0239538-61D6-461E-AF26-7B865CC12D94}.Debug|x86.Build.0 = Debug|Any CPU
		{F0239538-61D6-461E-AF26-7B865CC12D94}.Release|Any CPU.ActiveCfg = Release|Any CPU
		{F0239538-61D6-461E-AF26-7B865CC12D94}.Release|Any CPU.Build.0 = Release|Any CPU
		{F0239538-61D6-461E-AF26-7B865CC12D94}.Release|Mixed Platforms.ActiveCfg = Release|Any CPU
		{F0239538-61D6-461E-AF26-7B865CC12D94}.Release|Mixed Platforms.Build.0 = Release|Any CPU
		{F0239538-61D6-461E-AF26-7B865CC12D94}.Release|x64.ActiveCfg = Release|Any CPU
		{F0239538-61D6-461E-AF26-7B865CC12D94}.Release|x64.Build.0 = Release|Any CPU
		{F0239538-61D6-461E-AF26-7B865CC12D94}.Release|x86.ActiveCfg = Release|Any CPU
		{F0239538-61D6-461E-AF26-7B865CC12D94}.Release|x86.Build.0 = Release|Any CPU
	EndGlobalSection
	GlobalSection(SolutionProperties) = preSolution
		HideSolutionNode = FALSE
	EndGlobalSection
	GlobalSection(NestedProjects) = preSolution
		{A1AE4028-A892-43D9-86A2-E3D6302DE223} = {DAFEF7CD-D4E3-4626-870A-E224EE380025}
		{3C041918-8ED4-48EB-90C7-DC91B5E7AB80} = {DAFEF7CD-D4E3-4626-870A-E224EE380025}
		{372082A5-2C0B-4196-BF97-095C398666C1} = {DAFEF7CD-D4E3-4626-870A-E224EE380025}
		{AEEAA9E8-6622-4C65-8798-646EC7F67C04} = {DAFEF7CD-D4E3-4626-870A-E224EE380025}
		{09827C57-CD29-4B66-81CE-02A3448F75C0} = {8BA3992A-2AE4-495A-946F-3AA212D47B4E}
		{B0212FBE-2205-4678-90F1-F29AC5222191} = {8BA3992A-2AE4-495A-946F-3AA212D47B4E}
	EndGlobalSection
EndGlobal
